// !$*UTF8*$!
{
	archiveVersion = 1;
	classes = {
	};
	objectVersion = 77;
	objects = {

/* Begin PBXBuildFile section */
		10033D9EB44FEF1B06DD6146 /* Pods_wecatsposTests.framework in Frameworks */ = {isa = PBXBuildFile; fileRef = 8F444D93A666D37E112A0B6B /* Pods_wecatsposTests.framework */; };
		21C878085052AC38872745D8 /* Pods_wecatspos.framework in Frameworks */ = {isa = PBXBuildFile; fileRef = C71A6CEBD5E4210A256C4399 /* Pods_wecatspos.framework */; };
		9EE5227350DEE61C3C721CF0 /* Pods_wecatspos_wecatsposUITests.framework in Frameworks */ = {isa = PBXBuildFile; fileRef = 04EBE50C8CED95BCFD81C4C6 /* Pods_wecatspos_wecatsposUITests.framework */; };
/* End PBXBuildFile section */

/* Begin PBXContainerItemProxy section */
		054221A62DBF204F0061D374 /* PBXContainerItemProxy */ = {
			isa = PBXContainerItemProxy;
			containerPortal = 054221872DBF204E0061D374 /* Project object */;
			proxyType = 1;
			remoteGlobalIDString = 0542218E2DBF204E0061D374;
			remoteInfo = wecatspos;
		};
		054221B02DBF204F0061D374 /* PBXContainerItemProxy */ = {
			isa = PBXContainerItemProxy;
			containerPortal = 054221872DBF204E0061D374 /* Project object */;
			proxyType = 1;
			remoteGlobalIDString = 0542218E2DBF204E0061D374;
			remoteInfo = wecatspos;
		};
/* End PBXContainerItemProxy section */

/* Begin PBXFileReference section */
		0187D7CC62D5FB62C4D41793 /* Pods-wecatsposTests.release.xcconfig */ = {isa = PBXFileReference; includeInIndex = 1; lastKnownFileType = text.xcconfig; name = "Pods-wecatsposTests.release.xcconfig"; path = "Target Support Files/Pods-wecatsposTests/Pods-wecatsposTests.release.xcconfig"; sourceTree = "<group>"; };
		04EBE50C8CED95BCFD81C4C6 /* Pods_wecatspos_wecatsposUITests.framework */ = {isa = PBXFileReference; explicitFileType = wrapper.framework; includeInIndex = 0; path = Pods_wecatspos_wecatsposUITests.framework; sourceTree = BUILT_PRODUCTS_DIR; };
		0542218F2DBF204E0061D374 /* wecatspos.app */ = {isa = PBXFileReference; explicitFileType = wrapper.application; includeInIndex = 0; path = wecatspos.app; sourceTree = BUILT_PRODUCTS_DIR; };
		054221A52DBF204F0061D374 /* wecatsposTests.xctest */ = {isa = PBXFileReference; explicitFileType = wrapper.cfbundle; includeInIndex = 0; path = wecatsposTests.xctest; sourceTree = BUILT_PRODUCTS_DIR; };
		054221AF2DBF204F0061D374 /* wecatsposUITests.xctest */ = {isa = PBXFileReference; explicitFileType = wrapper.cfbundle; includeInIndex = 0; path = wecatsposUITests.xctest; sourceTree = BUILT_PRODUCTS_DIR; };
		3AB871B08560537D42480A19 /* Pods-wecatspos.debug.xcconfig */ = {isa = PBXFileReference; includeInIndex = 1; lastKnownFileType = text.xcconfig; name = "Pods-wecatspos.debug.xcconfig"; path = "Target Support Files/Pods-wecatspos/Pods-wecatspos.debug.xcconfig"; sourceTree = "<group>"; };
		4607B579A11B7C2E909FED68 /* Pods-wecatspos-wecatsposUITests.release.xcconfig */ = {isa = PBXFileReference; includeInIndex = 1; lastKnownFileType = text.xcconfig; name = "Pods-wecatspos-wecatsposUITests.release.xcconfig"; path = "Target Support Files/Pods-wecatspos-wecatsposUITests/Pods-wecatspos-wecatsposUITests.release.xcconfig"; sourceTree = "<group>"; };
		8F444D93A666D37E112A0B6B /* Pods_wecatsposTests.framework */ = {isa = PBXFileReference; explicitFileType = wrapper.framework; includeInIndex = 0; path = Pods_wecatsposTests.framework; sourceTree = BUILT_PRODUCTS_DIR; };
		A75D6BDE5555209E73C5C79F /* Pods-wecatspos-wecatsposUITests.debug.xcconfig */ = {isa = PBXFileReference; includeInIndex = 1; lastKnownFileType = text.xcconfig; name = "Pods-wecatspos-wecatsposUITests.debug.xcconfig"; path = "Target Support Files/Pods-wecatspos-wecatsposUITests/Pods-wecatspos-wecatsposUITests.debug.xcconfig"; sourceTree = "<group>"; };
		BB961DFC34AD52F6A5E01D0C /* Pods-wecatspos.release.xcconfig */ = {isa = PBXFileReference; includeInIndex = 1; lastKnownFileType = text.xcconfig; name = "Pods-wecatspos.release.xcconfig"; path = "Target Support Files/Pods-wecatspos/Pods-wecatspos.release.xcconfig"; sourceTree = "<group>"; };
		C71A6CEBD5E4210A256C4399 /* Pods_wecatspos.framework */ = {isa = PBXFileReference; explicitFileType = wrapper.framework; includeInIndex = 0; path = Pods_wecatspos.framework; sourceTree = BUILT_PRODUCTS_DIR; };
		F8811372F8EB3936A3175373 /* Pods-wecatsposTests.debug.xcconfig */ = {isa = PBXFileReference; includeInIndex = 1; lastKnownFileType = text.xcconfig; name = "Pods-wecatsposTests.debug.xcconfig"; path = "Target Support Files/Pods-wecatsposTests/Pods-wecatsposTests.debug.xcconfig"; sourceTree = "<group>"; };
/* End PBXFileReference section */

/* Begin PBXFileSystemSynchronizedBuildFileExceptionSet section */
		054221B72DBF204F0061D374 /* Exceptions for "wecatspos" folder in "wecatspos" target */ = {
			isa = PBXFileSystemSynchronizedBuildFileExceptionSet;
			membershipExceptions = (
				Info.plist,
			);
			target = 0542218E2DBF204E0061D374 /* wecatspos */;
		};
/* End PBXFileSystemSynchronizedBuildFileExceptionSet section */

/* Begin PBXFileSystemSynchronizedRootGroup section */
		054221912DBF204E0061D374 /* wecatspos */ = {
			isa = PBXFileSystemSynchronizedRootGroup;
			exceptions = (
				054221B72DBF204F0061D374 /* Exceptions for "wecatspos" folder in "wecatspos" target */,
			);
			path = wecatspos;
			sourceTree = "<group>";
		};
		054221A82DBF204F0061D374 /* wecatsposTests */ = {
			isa = PBXFileSystemSynchronizedRootGroup;
			path = wecatsposTests;
			sourceTree = "<group>";
		};
		054221B22DBF204F0061D374 /* wecatsposUITests */ = {
			isa = PBXFileSystemSynchronizedRootGroup;
			path = wecatsposUITests;
			sourceTree = "<group>";
		};
/* End PBXFileSystemSynchronizedRootGroup section */

/* Begin PBXFrameworksBuildPhase section */
		0542218C2DBF204E0061D374 /* Frameworks */ = {
			isa = PBXFrameworksBuildPhase;
			buildActionMask = 2147483647;
			files = (
				21C878085052AC38872745D8 /* Pods_wecatspos.framework in Frameworks */,
			);
			runOnlyForDeploymentPostprocessing = 0;
		};
		054221A22DBF204F0061D374 /* Frameworks */ = {
			isa = PBXFrameworksBuildPhase;
			buildActionMask = 2147483647;
			files = (
				10033D9EB44FEF1B06DD6146 /* Pods_wecatsposTests.framework in Frameworks */,
			);
			runOnlyForDeploymentPostprocessing = 0;
		};
		054221AC2DBF204F0061D374 /* Frameworks */ = {
			isa = PBXFrameworksBuildPhase;
			buildActionMask = 2147483647;
			files = (
				9EE5227350DEE61C3C721CF0 /* Pods_wecatspos_wecatsposUITests.framework in Frameworks */,
			);
			runOnlyForDeploymentPostprocessing = 0;
		};
/* End PBXFrameworksBuildPhase section */

/* Begin PBXGroup section */
		054221862DBF204E0061D374 = {
			isa = PBXGroup;
			children = (
				054221912DBF204E0061D374 /* wecatspos */,
				054221A82DBF204F0061D374 /* wecatsposTests */,
				054221B22DBF204F0061D374 /* wecatsposUITests */,
				054221902DBF204E0061D374 /* Products */,
				B7FE0AAF5AC364726DAC7507 /* Pods */,
				FE6E15278FD76D6731E8BF50 /* Frameworks */,
			);
			sourceTree = "<group>";
		};
		054221902DBF204E0061D374 /* Products */ = {
			isa = PBXGroup;
			children = (
				0542218F2DBF204E0061D374 /* wecatspos.app */,
				054221A52DBF204F0061D374 /* wecatsposTests.xctest */,
				054221AF2DBF204F0061D374 /* wecatsposUITests.xctest */,
			);
			name = Products;
			sourceTree = "<group>";
		};
		B7FE0AAF5AC364726DAC7507 /* Pods */ = {
			isa = PBXGroup;
			children = (
				3AB871B08560537D42480A19 /* Pods-wecatspos.debug.xcconfig */,
				BB961DFC34AD52F6A5E01D0C /* Pods-wecatspos.release.xcconfig */,
				A75D6BDE5555209E73C5C79F /* Pods-wecatspos-wecatsposUITests.debug.xcconfig */,
				4607B579A11B7C2E909FED68 /* Pods-wecatspos-wecatsposUITests.release.xcconfig */,
				F8811372F8EB3936A3175373 /* Pods-wecatsposTests.debug.xcconfig */,
				0187D7CC62D5FB62C4D41793 /* Pods-wecatsposTests.release.xcconfig */,
			);
			path = Pods;
			sourceTree = "<group>";
		};
		FE6E15278FD76D6731E8BF50 /* Frameworks */ = {
			isa = PBXGroup;
			children = (
				C71A6CEBD5E4210A256C4399 /* Pods_wecatspos.framework */,
				04EBE50C8CED95BCFD81C4C6 /* Pods_wecatspos_wecatsposUITests.framework */,
				8F444D93A666D37E112A0B6B /* Pods_wecatsposTests.framework */,
			);
			name = Frameworks;
			sourceTree = "<group>";
		};
/* End PBXGroup section */

/* Begin PBXNativeTarget section */
		0542218E2DBF204E0061D374 /* wecatspos */ = {
			isa = PBXNativeTarget;
			buildConfigurationList = 054221B82DBF204F0061D374 /* Build configuration list for PBXNativeTarget "wecatspos" */;
			buildPhases = (
				D472785AE638799729170B41 /* [CP] Check Pods Manifest.lock */,
				0542218B2DBF204E0061D374 /* Sources */,
				0542218C2DBF204E0061D374 /* Frameworks */,
				0542218D2DBF204E0061D374 /* Resources */,
				FD296021E24D0D19AFAA37EA /* [CP] Embed Pods Frameworks */,
			);
			buildRules = (
			);
			dependencies = (
			);
			fileSystemSynchronizedGroups = (
				054221912DBF204E0061D374 /* wecatspos */,
			);
			name = wecatspos;
			productName = wecatspos;
			productReference = 0542218F2DBF204E0061D374 /* wecatspos.app */;
			productType = "com.apple.product-type.application";
		};
		054221A42DBF204F0061D374 /* wecatsposTests */ = {
			isa = PBXNativeTarget;
			buildConfigurationList = 054221BD2DBF204F0061D374 /* Build configuration list for PBXNativeTarget "wecatsposTests" */;
			buildPhases = (
				50F0D2D5698FB7DB07692CDF /* [CP] Check Pods Manifest.lock */,
				054221A12DBF204F0061D374 /* Sources */,
				054221A22DBF204F0061D374 /* Frameworks */,
				054221A32DBF204F0061D374 /* Resources */,
			);
			buildRules = (
			);
			dependencies = (
				054221A72DBF204F0061D374 /* PBXTargetDependency */,
			);
			fileSystemSynchronizedGroups = (
				054221A82DBF204F0061D374 /* wecatsposTests */,
			);
			name = wecatsposTests;
			productName = wecatsposTests;
			productReference = 054221A52DBF204F0061D374 /* wecatsposTests.xctest */;
			productType = "com.apple.product-type.bundle.unit-test";
		};
		054221AE2DBF204F0061D374 /* wecatsposUITests */ = {
			isa = PBXNativeTarget;
			buildConfigurationList = 054221C02DBF204F0061D374 /* Build configuration list for PBXNativeTarget "wecatsposUITests" */;
			buildPhases = (
				90B64243A8E7F605BFBEAEB5 /* [CP] Check Pods Manifest.lock */,
				054221AB2DBF204F0061D374 /* Sources */,
				054221AC2DBF204F0061D374 /* Frameworks */,
				054221AD2DBF204F0061D374 /* Resources */,
				5559E0DFA7F844F73ACE619B /* [CP] Embed Pods Frameworks */,
			);
			buildRules = (
			);
			dependencies = (
				054221B12DBF204F0061D374 /* PBXTargetDependency */,
			);
			fileSystemSynchronizedGroups = (
				054221B22DBF204F0061D374 /* wecatsposUITests */,
			);
			name = wecatsposUITests;
			productName = wecatsposUITests;
			productReference = 054221AF2DBF204F0061D374 /* wecatsposUITests.xctest */;
			productType = "com.apple.product-type.bundle.ui-testing";
		};
/* End PBXNativeTarget section */

/* Begin PBXProject section */
		054221872DBF204E0061D374 /* Project object */ = {
			isa = PBXProject;
			attributes = {
				BuildIndependentTargetsInParallel = 1;
				LastSwiftUpdateCheck = 1610;
				LastUpgradeCheck = 1610;
				TargetAttributes = {
					0542218E2DBF204E0061D374 = {
						CreatedOnToolsVersion = 16.1;
					};
					054221A42DBF204F0061D374 = {
						CreatedOnToolsVersion = 16.1;
						TestTargetID = 0542218E2DBF204E0061D374;
					};
					054221AE2DBF204F0061D374 = {
						CreatedOnToolsVersion = 16.1;
						TestTargetID = 0542218E2DBF204E0061D374;
					};
				};
			};
			buildConfigurationList = 0542218A2DBF204E0061D374 /* Build configuration list for PBXProject "wecatspos" */;
			developmentRegion = en;
			hasScannedForEncodings = 0;
			knownRegions = (
				en,
				Base,
			);
			mainGroup = 054221862DBF204E0061D374;
			minimizedProjectReferenceProxies = 1;
			preferredProjectObjectVersion = 77;
			productRefGroup = 054221902DBF204E0061D374 /* Products */;
			projectDirPath = "";
			projectRoot = "";
			targets = (
				0542218E2DBF204E0061D374 /* wecatspos */,
				054221A42DBF204F0061D374 /* wecatsposTests */,
				054221AE2DBF204F0061D374 /* wecatsposUITests */,
			);
		};
/* End PBXProject section */

/* Begin PBXResourcesBuildPhase section */
		0542218D2DBF204E0061D374 /* Resources */ = {
			isa = PBXResourcesBuildPhase;
			buildActionMask = 2147483647;
			files = (
			);
			runOnlyForDeploymentPostprocessing = 0;
		};
		054221A32DBF204F0061D374 /* Resources */ = {
			isa = PBXResourcesBuildPhase;
			buildActionMask = 2147483647;
			files = (
			);
			runOnlyForDeploymentPostprocessing = 0;
		};
		054221AD2DBF204F0061D374 /* Resources */ = {
			isa = PBXResourcesBuildPhase;
			buildActionMask = 2147483647;
			files = (
			);
			runOnlyForDeploymentPostprocessing = 0;
		};
/* End PBXResourcesBuildPhase section */

/* Begin PBXShellScriptBuildPhase section */
		50F0D2D5698FB7DB07692CDF /* [CP] Check Pods Manifest.lock */ = {
			isa = PBXShellScriptBuildPhase;
			buildActionMask = 2147483647;
			files = (
			);
			inputFileListPaths = (
			);
			inputPaths = (
				"${PODS_PODFILE_DIR_PATH}/Podfile.lock",
				"${PODS_ROOT}/Manifest.lock",
			);
			name = "[CP] Check Pods Manifest.lock";
			outputFileListPaths = (
			);
			outputPaths = (
				"$(DERIVED_FILE_DIR)/Pods-wecatsposTests-checkManifestLockResult.txt",
			);
			runOnlyForDeploymentPostprocessing = 0;
			shellPath = /bin/sh;
			shellScript = "diff \"${PODS_PODFILE_DIR_PATH}/Podfile.lock\" \"${PODS_ROOT}/Manifest.lock\" > /dev/null\nif [ $? != 0 ] ; then\n    # print error to STDERR\n    echo \"error: The sandbox is not in sync with the Podfile.lock. Run 'pod install' or update your CocoaPods installation.\" >&2\n    exit 1\nfi\n# This output is used by Xcode 'outputs' to avoid re-running this script phase.\necho \"SUCCESS\" > \"${SCRIPT_OUTPUT_FILE_0}\"\n";
			showEnvVarsInLog = 0;
		};
		5559E0DFA7F844F73ACE619B /* [CP] Embed Pods Frameworks */ = {
			isa = PBXShellScriptBuildPhase;
			buildActionMask = 2147483647;
			files = (
			);
			inputFileListPaths = (
				"${PODS_ROOT}/Target Support Files/Pods-wecatspos-wecatsposUITests/Pods-wecatspos-wecatsposUITests-frameworks-${CONFIGURATION}-input-files.xcfilelist",
			);
			inputPaths = (
			);
			name = "[CP] Embed Pods Frameworks";
			outputFileListPaths = (
				"${PODS_ROOT}/Target Support Files/Pods-wecatspos-wecatsposUITests/Pods-wecatspos-wecatsposUITests-frameworks-${CONFIGURATION}-output-files.xcfilelist",
			);
			outputPaths = (
			);
			runOnlyForDeploymentPostprocessing = 0;
			shellPath = /bin/sh;
			shellScript = "\"${PODS_ROOT}/Target Support Files/Pods-wecatspos-wecatsposUITests/Pods-wecatspos-wecatsposUITests-frameworks.sh\"\n";
			showEnvVarsInLog = 0;
		};
		90B64243A8E7F605BFBEAEB5 /* [CP] Check Pods Manifest.lock */ = {
			isa = PBXShellScriptBuildPhase;
			buildActionMask = 2147483647;
			files = (
			);
			inputFileListPaths = (
			);
			inputPaths = (
				"${PODS_PODFILE_DIR_PATH}/Podfile.lock",
				"${PODS_ROOT}/Manifest.lock",
			);
			name = "[CP] Check Pods Manifest.lock";
			outputFileListPaths = (
			);
			outputPaths = (
				"$(DERIVED_FILE_DIR)/Pods-wecatspos-wecatsposUITests-checkManifestLockResult.txt",
			);
			runOnlyForDeploymentPostprocessing = 0;
			shellPath = /bin/sh;
			shellScript = "diff \"${PODS_PODFILE_DIR_PATH}/Podfile.lock\" \"${PODS_ROOT}/Manifest.lock\" > /dev/null\nif [ $? != 0 ] ; then\n    # print error to STDERR\n    echo \"error: The sandbox is not in sync with the Podfile.lock. Run 'pod install' or update your CocoaPods installation.\" >&2\n    exit 1\nfi\n# This output is used by Xcode 'outputs' to avoid re-running this script phase.\necho \"SUCCESS\" > \"${SCRIPT_OUTPUT_FILE_0}\"\n";
			showEnvVarsInLog = 0;
		};
		D472785AE638799729170B41 /* [CP] Check Pods Manifest.lock */ = {
			isa = PBXShellScriptBuildPhase;
			buildActionMask = 2147483647;
			files = (
			);
			inputFileListPaths = (
			);
			inputPaths = (
				"${PODS_PODFILE_DIR_PATH}/Podfile.lock",
				"${PODS_ROOT}/Manifest.lock",
			);
			name = "[CP] Check Pods Manifest.lock";
			outputFileListPaths = (
			);
			outputPaths = (
				"$(DERIVED_FILE_DIR)/Pods-wecatspos-checkManifestLockResult.txt",
			);
			runOnlyForDeploymentPostprocessing = 0;
			shellPath = /bin/sh;
			shellScript = "diff \"${PODS_PODFILE_DIR_PATH}/Podfile.lock\" \"${PODS_ROOT}/Manifest.lock\" > /dev/null\nif [ $? != 0 ] ; then\n    # print error to STDERR\n    echo \"error: The sandbox is not in sync with the Podfile.lock. Run 'pod install' or update your CocoaPods installation.\" >&2\n    exit 1\nfi\n# This output is used by Xcode 'outputs' to avoid re-running this script phase.\necho \"SUCCESS\" > \"${SCRIPT_OUTPUT_FILE_0}\"\n";
			showEnvVarsInLog = 0;
		};
		FD296021E24D0D19AFAA37EA /* [CP] Embed Pods Frameworks */ = {
			isa = PBXShellScriptBuildPhase;
			buildActionMask = 2147483647;
			files = (
			);
			inputFileListPaths = (
				"${PODS_ROOT}/Target Support Files/Pods-wecatspos/Pods-wecatspos-frameworks-${CONFIGURATION}-input-files.xcfilelist",
			);
			inputPaths = (
			);
			name = "[CP] Embed Pods Frameworks";
			outputFileListPaths = (
				"${PODS_ROOT}/Target Support Files/Pods-wecatspos/Pods-wecatspos-frameworks-${CONFIGURATION}-output-files.xcfilelist",
			);
			outputPaths = (
			);
			runOnlyForDeploymentPostprocessing = 0;
			shellPath = /bin/sh;
			shellScript = "\"${PODS_ROOT}/Target Support Files/Pods-wecatspos/Pods-wecatspos-frameworks.sh\"\n";
			showEnvVarsInLog = 0;
		};
/* End PBXShellScriptBuildPhase section */

/* Begin PBXSourcesBuildPhase section */
		0542218B2DBF204E0061D374 /* Sources */ = {
			isa = PBXSourcesBuildPhase;
			buildActionMask = 2147483647;
			files = (
			);
			runOnlyForDeploymentPostprocessing = 0;
		};
		054221A12DBF204F0061D374 /* Sources */ = {
			isa = PBXSourcesBuildPhase;
			buildActionMask = 2147483647;
			files = (
			);
			runOnlyForDeploymentPostprocessing = 0;
		};
		054221AB2DBF204F0061D374 /* Sources */ = {
			isa = PBXSourcesBuildPhase;
			buildActionMask = 2147483647;
			files = (
			);
			runOnlyForDeploymentPostprocessing = 0;
		};
/* End PBXSourcesBuildPhase section */

/* Begin PBXTargetDependency section */
		054221A72DBF204F0061D374 /* PBXTargetDependency */ = {
			isa = PBXTargetDependency;
			target = 0542218E2DBF204E0061D374 /* wecatspos */;
			targetProxy = 054221A62DBF204F0061D374 /* PBXContainerItemProxy */;
		};
		054221B12DBF204F0061D374 /* PBXTargetDependency */ = {
			isa = PBXTargetDependency;
			target = 0542218E2DBF204E0061D374 /* wecatspos */;
			targetProxy = 054221B02DBF204F0061D374 /* PBXContainerItemProxy */;
		};
/* End PBXTargetDependency section */

/* Begin XCBuildConfiguration section */
		054221B92DBF204F0061D374 /* Debug */ = {
			isa = XCBuildConfiguration;
			baseConfigurationReference = 3AB871B08560537D42480A19 /* Pods-wecatspos.debug.xcconfig */;
			buildSettings = {
				ASSETCATALOG_COMPILER_APPICON_NAME = AppIcon;
				ASSETCATALOG_COMPILER_GLOBAL_ACCENT_COLOR_NAME = AccentColor;
				CODE_SIGN_STYLE = Automatic;
				CURRENT_PROJECT_VERSION = 1;
				DEVELOPMENT_TEAM = H8Q29L5V99;
				ENABLE_USER_SCRIPT_SANDBOXING = NO;
				GENERATE_INFOPLIST_FILE = YES;
				INFOPLIST_FILE = wecatspos/Info.plist;
				INFOPLIST_KEY_UIApplicationSupportsIndirectInputEvents = YES;
				INFOPLIST_KEY_UILaunchStoryboardName = LaunchScreen;
				INFOPLIST_KEY_UIStatusBarStyle = "";
				INFOPLIST_KEY_UISupportedInterfaceOrientations = "UIInterfaceOrientationLandscapeLeft UIInterfaceOrientationLandscapeRight UIInterfaceOrientationPortrait";
				IPHONEOS_DEPLOYMENT_TARGET = 17.6;
				LD_RUNPATH_SEARCH_PATHS = (
					"$(inherited)",
					"@executable_path/Frameworks",
				);
				MARKETING_VERSION = 1.0;
				PRODUCT_BUNDLE_IDENTIFIER = jp.co.wecats.pos;
				PRODUCT_NAME = "$(TARGET_NAME)";
				SWIFT_EMIT_LOC_STRINGS = YES;
				SWIFT_VERSION = 5.0;
				TARGETED_DEVICE_FAMILY = "1,2";
			};
			name = Debug;
		};
		054221BA2DBF204F0061D374 /* Release */ = {
			isa = XCBuildConfiguration;
			baseConfigurationReference = BB961DFC34AD52F6A5E01D0C /* Pods-wecatspos.release.xcconfig */;
			buildSettings = {
				ASSETCATALOG_COMPILER_APPICON_NAME = AppIcon;
				ASSETCATALOG_COMPILER_GLOBAL_ACCENT_COLOR_NAME = AccentColor;
				"CODE_SIGN_IDENTITY[sdk=iphoneos*]" = "iPhone Distribution";
				CODE_SIGN_STYLE = Manual;
				CURRENT_PROJECT_VERSION = 1;
				DEVELOPMENT_TEAM = "";
				"DEVELOPMENT_TEAM[sdk=iphoneos*]" = 5UX42Y3VW8;
				ENABLE_USER_SCRIPT_SANDBOXING = NO;
				GENERATE_INFOPLIST_FILE = YES;
				INFOPLIST_FILE = wecatspos/Info.plist;
				INFOPLIST_KEY_UIApplicationSupportsIndirectInputEvents = YES;
				INFOPLIST_KEY_UILaunchStoryboardName = LaunchScreen;
				INFOPLIST_KEY_UIStatusBarStyle = "";
				INFOPLIST_KEY_UISupportedInterfaceOrientations = "UIInterfaceOrientationLandscapeLeft UIInterfaceOrientationLandscapeRight UIInterfaceOrientationPortrait";
				IPHONEOS_DEPLOYMENT_TARGET = 17.6;
				LD_RUNPATH_SEARCH_PATHS = (
					"$(inherited)",
					"@executable_path/Frameworks",
				);
				MARKETING_VERSION = 1.0;
				PRODUCT_BUNDLE_IDENTIFIER = jp.co.yas.wecats.pos;
				PRODUCT_NAME = "$(TARGET_NAME)";
				PROVISIONING_PROFILE_SPECIFIER = "";
				"PROVISIONING_PROFILE_SPECIFIER[sdk=iphoneos*]" = "wecats pos adhoc";
				SWIFT_EMIT_LOC_STRINGS = YES;
				SWIFT_VERSION = 5.0;
				TARGETED_DEVICE_FAMILY = "1,2";
			};
			name = Release;
		};
		054221BB2DBF204F0061D374 /* Debug */ = {
			isa = XCBuildConfiguration;
			buildSettings = {
				ALWAYS_SEARCH_USER_PATHS = NO;
				ASSETCATALOG_COMPILER_GENERATE_SWIFT_ASSET_SYMBOL_EXTENSIONS = YES;
				CLANG_ANALYZER_NONNULL = YES;
				CLANG_ANALYZER_NUMBER_OBJECT_CONVERSION = YES_AGGRESSIVE;
				CLANG_CXX_LANGUAGE_STANDARD = "gnu++20";
				CLANG_ENABLE_MODULES = YES;
				CLANG_ENABLE_OBJC_ARC = YES;
				CLANG_ENABLE_OBJC_WEAK = YES;
				CLANG_WARN_BLOCK_CAPTURE_AUTORELEASING = YES;
				CLANG_WARN_BOOL_CONVERSION = YES;
				CLANG_WARN_COMMA = YES;
				CLANG_WARN_CONSTANT_CONVERSION = YES;
				CLANG_WARN_DEPRECATED_OBJC_IMPLEMENTATIONS = YES;
				CLANG_WARN_DIRECT_OBJC_ISA_USAGE = YES_ERROR;
				CLANG_WARN_DOCUMENTATION_COMMENTS = YES;
				CLANG_WARN_EMPTY_BODY = YES;
				CLANG_WARN_ENUM_CONVERSION = YES;
				CLANG_WARN_INFINITE_RECURSION = YES;
				CLANG_WARN_INT_CONVERSION = YES;
				CLANG_WARN_NON_LITERAL_NULL_CONVERSION = YES;
				CLANG_WARN_OBJC_IMPLICIT_RETAIN_SELF = YES;
				CLANG_WARN_OBJC_LITERAL_CONVERSION = YES;
				CLANG_WARN_OBJC_ROOT_CLASS = YES_ERROR;
				CLANG_WARN_QUOTED_INCLUDE_IN_FRAMEWORK_HEADER = YES;
				CLANG_WARN_RANGE_LOOP_ANALYSIS = YES;
				CLANG_WARN_STRICT_PROTOTYPES = YES;
				CLANG_WARN_SUSPICIOUS_MOVE = YES;
				CLANG_WARN_UNGUARDED_AVAILABILITY = YES_AGGRESSIVE;
				CLANG_WARN_UNREACHABLE_CODE = YES;
				CLANG_WARN__DUPLICATE_METHOD_MATCH = YES;
				COPY_PHASE_STRIP = NO;
				DEBUG_INFORMATION_FORMAT = dwarf;
				ENABLE_STRICT_OBJC_MSGSEND = YES;
				ENABLE_TESTABILITY = YES;
				ENABLE_USER_SCRIPT_SANDBOXING = YES;
				GCC_C_LANGUAGE_STANDARD = gnu17;
				GCC_DYNAMIC_NO_PIC = NO;
				GCC_NO_COMMON_BLOCKS = YES;
				GCC_OPTIMIZATION_LEVEL = 0;
				GCC_PREPROCESSOR_DEFINITIONS = (
					"DEBUG=1",
					"$(inherited)",
				);
				GCC_WARN_64_TO_32_BIT_CONVERSION = YES;
				GCC_WARN_ABOUT_RETURN_TYPE = YES_ERROR;
				GCC_WARN_UNDECLARED_SELECTOR = YES;
				GCC_WARN_UNINITIALIZED_AUTOS = YES_AGGRESSIVE;
				GCC_WARN_UNUSED_FUNCTION = YES;
				GCC_WARN_UNUSED_VARIABLE = YES;
				IPHONEOS_DEPLOYMENT_TARGET = 18.1;
				LOCALIZATION_PREFERS_STRING_CATALOGS = YES;
				MTL_ENABLE_DEBUG_INFO = INCLUDE_SOURCE;
				MTL_FAST_MATH = YES;
				ONLY_ACTIVE_ARCH = YES;
				SDKROOT = iphoneos;
				SWIFT_ACTIVE_COMPILATION_CONDITIONS = "DEBUG $(inherited)";
				SWIFT_OPTIMIZATION_LEVEL = "-Onone";
			};
			name = Debug;
		};
		054221BC2DBF204F0061D374 /* Release */ = {
			isa = XCBuildConfiguration;
			buildSettings = {
				ALWAYS_SEARCH_USER_PATHS = NO;
				ASSETCATALOG_COMPILER_GENERATE_SWIFT_ASSET_SYMBOL_EXTENSIONS = YES;
				CLANG_ANALYZER_NONNULL = YES;
				CLANG_ANALYZER_NUMBER_OBJECT_CONVERSION = YES_AGGRESSIVE;
				CLANG_CXX_LANGUAGE_STANDARD = "gnu++20";
				CLANG_ENABLE_MODULES = YES;
				CLANG_ENABLE_OBJC_ARC = YES;
				CLANG_ENABLE_OBJC_WEAK = YES;
				CLANG_WARN_BLOCK_CAPTURE_AUTORELEASING = YES;
				CLANG_WARN_BOOL_CONVERSION = YES;
				CLANG_WARN_COMMA = YES;
				CLANG_WARN_CONSTANT_CONVERSION = YES;
				CLANG_WARN_DEPRECATED_OBJC_IMPLEMENTATIONS = YES;
				CLANG_WARN_DIRECT_OBJC_ISA_USAGE = YES_ERROR;
				CLANG_WARN_DOCUMENTATION_COMMENTS = YES;
				CLANG_WARN_EMPTY_BODY = YES;
				CLANG_WARN_ENUM_CONVERSION = YES;
				CLANG_WARN_INFINITE_RECURSION = YES;
				CLANG_WARN_INT_CONVERSION = YES;
				CLANG_WARN_NON_LITERAL_NULL_CONVERSION = YES;
				CLANG_WARN_OBJC_IMPLICIT_RETAIN_SELF = YES;
				CLANG_WARN_OBJC_LITERAL_CONVERSION = YES;
				CLANG_WARN_OBJC_ROOT_CLASS = YES_ERROR;
				CLANG_WARN_QUOTED_INCLUDE_IN_FRAMEWORK_HEADER = YES;
				CLANG_WARN_RANGE_LOOP_ANALYSIS = YES;
				CLANG_WARN_STRICT_PROTOTYPES = YES;
				CLANG_WARN_SUSPICIOUS_MOVE = YES;
				CLANG_WARN_UNGUARDED_AVAILABILITY = YES_AGGRESSIVE;
				CLANG_WARN_UNREACHABLE_CODE = YES;
				CLANG_WARN__DUPLICATE_METHOD_MATCH = YES;
				COPY_PHASE_STRIP = NO;
				DEBUG_INFORMATION_FORMAT = "dwarf-with-dsym";
				ENABLE_NS_ASSERTIONS = NO;
				ENABLE_STRICT_OBJC_MSGSEND = YES;
				ENABLE_USER_SCRIPT_SANDBOXING = YES;
				GCC_C_LANGUAGE_STANDARD = gnu17;
				GCC_NO_COMMON_BLOCKS = YES;
				GCC_WARN_64_TO_32_BIT_CONVERSION = YES;
				GCC_WARN_ABOUT_RETURN_TYPE = YES_ERROR;
				GCC_WARN_UNDECLARED_SELECTOR = YES;
				GCC_WARN_UNINITIALIZED_AUTOS = YES_AGGRESSIVE;
				GCC_WARN_UNUSED_FUNCTION = YES;
				GCC_WARN_UNUSED_VARIABLE = YES;
				IPHONEOS_DEPLOYMENT_TARGET = 18.1;
				LOCALIZATION_PREFERS_STRING_CATALOGS = YES;
				MTL_ENABLE_DEBUG_INFO = NO;
				MTL_FAST_MATH = YES;
				SDKROOT = iphoneos;
				SWIFT_COMPILATION_MODE = wholemodule;
				VALIDATE_PRODUCT = YES;
			};
			name = Release;
		};
		054221BE2DBF204F0061D374 /* Debug */ = {
			isa = XCBuildConfiguration;
			baseConfigurationReference = F8811372F8EB3936A3175373 /* Pods-wecatsposTests.debug.xcconfig */;
			buildSettings = {
				BUNDLE_LOADER = "$(TEST_HOST)";
				CODE_SIGN_STYLE = Automatic;
				CURRENT_PROJECT_VERSION = 1;
				GENERATE_INFOPLIST_FILE = YES;
				IPHONEOS_DEPLOYMENT_TARGET = 18.1;
				MARKETING_VERSION = 1.0;
				PRODUCT_BUNDLE_IDENTIFIER = jp.co.wecatspos.wecatsposTests;
				PRODUCT_NAME = "$(TARGET_NAME)";
				SWIFT_EMIT_LOC_STRINGS = NO;
				SWIFT_VERSION = 5.0;
				TARGETED_DEVICE_FAMILY = "1,2";
				TEST_HOST = "$(BUILT_PRODUCTS_DIR)/wecatspos.app/$(BUNDLE_EXECUTABLE_FOLDER_PATH)/wecatspos";
			};
			name = Debug;
		};
		054221BF2DBF204F0061D374 /* Release */ = {
			isa = XCBuildConfiguration;
			baseConfigurationReference = 0187D7CC62D5FB62C4D41793 /* Pods-wecatsposTests.release.xcconfig */;
			buildSettings = {
				BUNDLE_LOADER = "$(TEST_HOST)";
				CODE_SIGN_STYLE = Automatic;
				CURRENT_PROJECT_VERSION = 1;
				GENERATE_INFOPLIST_FILE = YES;
				IPHONEOS_DEPLOYMENT_TARGET = 18.1;
				MARKETING_VERSION = 1.0;
				PRODUCT_BUNDLE_IDENTIFIER = jp.co.wecatspos.wecatsposTests;
				PRODUCT_NAME = "$(TARGET_NAME)";
				SWIFT_EMIT_LOC_STRINGS = NO;
				SWIFT_VERSION = 5.0;
				TARGETED_DEVICE_FAMILY = "1,2";
				TEST_HOST = "$(BUILT_PRODUCTS_DIR)/wecatspos.app/$(BUNDLE_EXECUTABLE_FOLDER_PATH)/wecatspos";
			};
			name = Release;
		};
		054221C12DBF204F0061D374 /* Debug */ = {
			isa = XCBuildConfiguration;
			baseConfigurationReference = A75D6BDE5555209E73C5C79F /* Pods-wecatspos-wecatsposUITests.debug.xcconfig */;
			buildSettings = {
				CODE_SIGN_STYLE = Automatic;
				CURRENT_PROJECT_VERSION = 1;
				GENERATE_INFOPLIST_FILE = YES;
				MARKETING_VERSION = 1.0;
				PRODUCT_BUNDLE_IDENTIFIER = jp.co.wecatspos.wecatsposUITests;
				PRODUCT_NAME = "$(TARGET_NAME)";
				SWIFT_EMIT_LOC_STRINGS = NO;
				SWIFT_VERSION = 5.0;
				TARGETED_DEVICE_FAMILY = "1,2";
				TEST_TARGET_NAME = wecatspos;
			};
			name = Debug;
		};
		054221C22DBF204F0061D374 /* Release */ = {
			isa = XCBuildConfiguration;
			baseConfigurationReference = 4607B579A11B7C2E909FED68 /* Pods-wecatspos-wecatsposUITests.release.xcconfig */;
			buildSettings = {
				CODE_SIGN_STYLE = Automatic;
				CURRENT_PROJECT_VERSION = 1;
				GENERATE_INFOPLIST_FILE = YES;
				MARKETING_VERSION = 1.0;
				PRODUCT_BUNDLE_IDENTIFIER = jp.co.wecatspos.wecatsposUITests;
				PRODUCT_NAME = "$(TARGET_NAME)";
				SWIFT_EMIT_LOC_STRINGS = NO;
				SWIFT_VERSION = 5.0;
				TARGETED_DEVICE_FAMILY = "1,2";
				TEST_TARGET_NAME = wecatspos;
			};
			name = Release;
		};
/* End XCBuildConfiguration section */

/* Begin XCConfigurationList section */
		0542218A2DBF204E0061D374 /* Build configuration list for PBXProject "wecatspos" */ = {
			isa = XCConfigurationList;
			buildConfigurations = (
				054221BB2DBF204F0061D374 /* Debug */,
				054221BC2DBF204F0061D374 /* Release */,
			);
			defaultConfigurationIsVisible = 0;
			defaultConfigurationName = Release;
		};
		054221B82DBF204F0061D374 /* Build configuration list for PBXNativeTarget "wecatspos" */ = {
			isa = XCConfigurationList;
			buildConfigurations = (
				054221B92DBF204F0061D374 /* Debug */,
				054221BA2DBF204F0061D374 /* Release */,
			);
			defaultConfigurationIsVisible = 0;
			defaultConfigurationName = Release;
		};
		054221BD2DBF204F0061D374 /* Build configuration list for PBXNativeTarget "wecatsposTests" */ = {
			isa = XCConfigurationList;
			buildConfigurations = (
				054221BE2DBF204F0061D374 /* Debug */,
				054221BF2DBF204F0061D374 /* Release */,
			);
			defaultConfigurationIsVisible = 0;
			defaultConfigurationName = Release;
		};
		054221C02DBF204F0061D374 /* Build configuration list for PBXNativeTarget "wecatsposUITests" */ = {
			isa = XCConfigurationList;
			buildConfigurations = (
				054221C12DBF204F0061D374 /* Debug */,
				054221C22DBF204F0061D374 /* Release */,
			);
			defaultConfigurationIsVisible = 0;
			defaultConfigurationName = Release;
		};
/* End XCConfigurationList section */
	};
	rootObject = 054221872DBF204E0061D374 /* Project object */;
}
